// !$*UTF8*$!
{
	archiveVersion = 1;
	classes = {
	};
	objectVersion = 50;
	objects = {

/* Begin PBXBuildFile section */
		EE4F4BAF230B70FE00F21B13 /* Rope.framework in Frameworks */ = {isa = PBXBuildFile; fileRef = EE4F4BA5230B70FE00F21B13 /* Rope.framework */; };
		EE4F4BB4230B70FE00F21B13 /* RopeTests.swift in Sources */ = {isa = PBXBuildFile; fileRef = EE4F4BB3230B70FE00F21B13 /* RopeTests.swift */; };
		EE4F4BB6230B70FE00F21B13 /* Rope.h in Headers */ = {isa = PBXBuildFile; fileRef = EE4F4BA8230B70FE00F21B13 /* Rope.h */; settings = {ATTRIBUTES = (Public, ); }; };
		EE4F4BC1230B721200F21B13 /* Rope.swift in Sources */ = {isa = PBXBuildFile; fileRef = EE4F4BBF230B721200F21B13 /* Rope.swift */; };
		EE4F4BC3230B721200F21B13 /* Fibonacci.swift in Sources */ = {isa = PBXBuildFile; fileRef = EE4F4BC0230B721200F21B13 /* Fibonacci.swift */; };
		EE66B2CE23E90A46004D9F57 /* Weak.swift in Sources */ = {isa = PBXBuildFile; fileRef = EE66B2CD23E90A46004D9F57 /* Weak.swift */; };
		EE66B2CF23E90A46004D9F57 /* Weak.swift in Sources */ = {isa = PBXBuildFile; fileRef = EE66B2CD23E90A46004D9F57 /* Weak.swift */; };
		EE66B2D123E90AA5004D9F57 /* Handle.swift in Sources */ = {isa = PBXBuildFile; fileRef = EE66B2D023E90AA5004D9F57 /* Handle.swift */; };
		EE66B2D223E90AA5004D9F57 /* Handle.swift in Sources */ = {isa = PBXBuildFile; fileRef = EE66B2D023E90AA5004D9F57 /* Handle.swift */; };
		EE66B2D523E90B55004D9F57 /* Content.swift in Sources */ = {isa = PBXBuildFile; fileRef = EE66B2D323E90B55004D9F57 /* Content.swift */; };
		EE66B2D623E90B55004D9F57 /* Content.swift in Sources */ = {isa = PBXBuildFile; fileRef = EE66B2D323E90B55004D9F57 /* Content.swift */; };
		EE66B2D723E90B55004D9F57 /* Initializable.swift in Sources */ = {isa = PBXBuildFile; fileRef = EE66B2D423E90B55004D9F57 /* Initializable.swift */; };
		EE66B2D823E90B55004D9F57 /* Initializable.swift in Sources */ = {isa = PBXBuildFile; fileRef = EE66B2D423E90B55004D9F57 /* Initializable.swift */; };
		EE66B2DB23E90BA0004D9F57 /* Substring+Content.swift in Sources */ = {isa = PBXBuildFile; fileRef = EE66B2D923E90BA0004D9F57 /* Substring+Content.swift */; };
		EE66B2DC23E90BA0004D9F57 /* Substring+Content.swift in Sources */ = {isa = PBXBuildFile; fileRef = EE66B2D923E90BA0004D9F57 /* Substring+Content.swift */; };
		EE66B2DD23E90BA0004D9F57 /* Substring+Initializable.swift in Sources */ = {isa = PBXBuildFile; fileRef = EE66B2DA23E90BA0004D9F57 /* Substring+Initializable.swift */; };
		EE66B2DE23E90BA0004D9F57 /* Substring+Initializable.swift in Sources */ = {isa = PBXBuildFile; fileRef = EE66B2DA23E90BA0004D9F57 /* Substring+Initializable.swift */; };
		EE66B2E023E90BCC004D9F57 /* NodeIndex.swift in Sources */ = {isa = PBXBuildFile; fileRef = EE66B2DF23E90BCC004D9F57 /* NodeIndex.swift */; };
		EE66B2E123E90BCC004D9F57 /* NodeIndex.swift in Sources */ = {isa = PBXBuildFile; fileRef = EE66B2DF23E90BCC004D9F57 /* NodeIndex.swift */; };
		EE66B2E423E90C14004D9F57 /* RopeString.swift in Sources */ = {isa = PBXBuildFile; fileRef = EE66B2E223E90C13004D9F57 /* RopeString.swift */; };
		EE66B2E523E90C14004D9F57 /* RopeString.swift in Sources */ = {isa = PBXBuildFile; fileRef = EE66B2E223E90C13004D9F57 /* RopeString.swift */; };
		EE66B2E623E90C14004D9F57 /* RopeTextStorage.swift in Sources */ = {isa = PBXBuildFile; fileRef = EE66B2E323E90C13004D9F57 /* RopeTextStorage.swift */; };
		EE66B2E923E90C99004D9F57 /* Node.swift in Sources */ = {isa = PBXBuildFile; fileRef = EE66B2E823E90C99004D9F57 /* Node.swift */; };
		EE66B2EA23E90C99004D9F57 /* Node.swift in Sources */ = {isa = PBXBuildFile; fileRef = EE66B2E823E90C99004D9F57 /* Node.swift */; };
		EE66B2EC23E90DC5004D9F57 /* RopeIndex.swift in Sources */ = {isa = PBXBuildFile; fileRef = EE66B2EB23E90DC5004D9F57 /* RopeIndex.swift */; };
		EE66B2ED23E90DC5004D9F57 /* RopeIndex.swift in Sources */ = {isa = PBXBuildFile; fileRef = EE66B2EB23E90DC5004D9F57 /* RopeIndex.swift */; };
		EE66B2EE23E9100C004D9F57 /* Rope.swift in Sources */ = {isa = PBXBuildFile; fileRef = EE4F4BBF230B721200F21B13 /* Rope.swift */; };
		EE66B2EF23E9106E004D9F57 /* Fibonacci.swift in Sources */ = {isa = PBXBuildFile; fileRef = EE4F4BC0230B721200F21B13 /* Fibonacci.swift */; };
/* End PBXBuildFile section */

/* Begin PBXContainerItemProxy section */
		EE4F4BB0230B70FE00F21B13 /* PBXContainerItemProxy */ = {
			isa = PBXContainerItemProxy;
			containerPortal = EE4F4B9C230B70FE00F21B13 /* Project object */;
			proxyType = 1;
			remoteGlobalIDString = EE4F4BA4230B70FE00F21B13;
			remoteInfo = Rope;
		};
		EEB363092404B738006EA335 /* PBXContainerItemProxy */ = {
			isa = PBXContainerItemProxy;
			containerPortal = EEB363032404B737006EA335 /* RopeSample.xcodeproj */;
			proxyType = 2;
			remoteGlobalIDString = EEB362D22404B734006EA335;
			remoteInfo = RopeSample;
		};
		EEB3630B2404B738006EA335 /* PBXContainerItemProxy */ = {
			isa = PBXContainerItemProxy;
			containerPortal = EEB363032404B737006EA335 /* RopeSample.xcodeproj */;
			proxyType = 2;
			remoteGlobalIDString = EEB362E62404B737006EA335;
			remoteInfo = RopeSampleTests;
		};
		EEB3630D2404B738006EA335 /* PBXContainerItemProxy */ = {
			isa = PBXContainerItemProxy;
			containerPortal = EEB363032404B737006EA335 /* RopeSample.xcodeproj */;
			proxyType = 2;
			remoteGlobalIDString = EEB362F12404B737006EA335;
			remoteInfo = RopeSampleUITests;
		};
/* End PBXContainerItemProxy section */

/* Begin PBXFileReference section */
		EE449D6E23DFC58C00769D36 /* TextView.playground */ = {isa = PBXFileReference; lastKnownFileType = file.playground; path = TextView.playground; sourceTree = "<group>"; xcLanguageSpecificationIdentifier = xcode.lang.swift; };
		EE4F4BA5230B70FE00F21B13 /* Rope.framework */ = {isa = PBXFileReference; explicitFileType = wrapper.framework; includeInIndex = 0; path = Rope.framework; sourceTree = BUILT_PRODUCTS_DIR; };
		EE4F4BA8230B70FE00F21B13 /* Rope.h */ = {isa = PBXFileReference; lastKnownFileType = sourcecode.c.h; path = Rope.h; sourceTree = "<group>"; };
		EE4F4BA9230B70FE00F21B13 /* Info.plist */ = {isa = PBXFileReference; lastKnownFileType = text.plist.xml; path = Info.plist; sourceTree = "<group>"; };
		EE4F4BAE230B70FE00F21B13 /* RopeTests.xctest */ = {isa = PBXFileReference; explicitFileType = wrapper.cfbundle; includeInIndex = 0; path = RopeTests.xctest; sourceTree = BUILT_PRODUCTS_DIR; };
		EE4F4BB3230B70FE00F21B13 /* RopeTests.swift */ = {isa = PBXFileReference; fileEncoding = 4; indentWidth = 8; lastKnownFileType = sourcecode.swift; path = RopeTests.swift; sourceTree = "<group>"; tabWidth = 8; usesTabs = 1; };
		EE4F4BB5230B70FE00F21B13 /* Info.plist */ = {isa = PBXFileReference; lastKnownFileType = text.plist.xml; path = Info.plist; sourceTree = "<group>"; };
		EE4F4BBF230B721200F21B13 /* Rope.swift */ = {isa = PBXFileReference; fileEncoding = 4; indentWidth = 8; lastKnownFileType = sourcecode.swift; path = Rope.swift; sourceTree = SOURCE_ROOT; tabWidth = 8; };
		EE4F4BC0230B721200F21B13 /* Fibonacci.swift */ = {isa = PBXFileReference; fileEncoding = 4; lastKnownFileType = sourcecode.swift; path = Fibonacci.swift; sourceTree = SOURCE_ROOT; };
		EE66B2CD23E90A46004D9F57 /* Weak.swift */ = {isa = PBXFileReference; fileEncoding = 4; lastKnownFileType = sourcecode.swift; path = Weak.swift; sourceTree = SOURCE_ROOT; };
		EE66B2D023E90AA5004D9F57 /* Handle.swift */ = {isa = PBXFileReference; fileEncoding = 4; lastKnownFileType = sourcecode.swift; path = Handle.swift; sourceTree = SOURCE_ROOT; };
		EE66B2D323E90B55004D9F57 /* Content.swift */ = {isa = PBXFileReference; fileEncoding = 4; lastKnownFileType = sourcecode.swift; path = Content.swift; sourceTree = SOURCE_ROOT; };
		EE66B2D423E90B55004D9F57 /* Initializable.swift */ = {isa = PBXFileReference; fileEncoding = 4; lastKnownFileType = sourcecode.swift; path = Initializable.swift; sourceTree = SOURCE_ROOT; };
		EE66B2D923E90BA0004D9F57 /* Substring+Content.swift */ = {isa = PBXFileReference; fileEncoding = 4; lastKnownFileType = sourcecode.swift; path = "Substring+Content.swift"; sourceTree = SOURCE_ROOT; };
		EE66B2DA23E90BA0004D9F57 /* Substring+Initializable.swift */ = {isa = PBXFileReference; fileEncoding = 4; lastKnownFileType = sourcecode.swift; path = "Substring+Initializable.swift"; sourceTree = SOURCE_ROOT; };
		EE66B2DF23E90BCC004D9F57 /* NodeIndex.swift */ = {isa = PBXFileReference; fileEncoding = 4; lastKnownFileType = sourcecode.swift; path = NodeIndex.swift; sourceTree = SOURCE_ROOT; };
		EE66B2E223E90C13004D9F57 /* RopeString.swift */ = {isa = PBXFileReference; fileEncoding = 4; indentWidth = 8; lastKnownFileType = sourcecode.swift; path = RopeString.swift; sourceTree = SOURCE_ROOT; tabWidth = 8; usesTabs = 1; };
		EE66B2E323E90C13004D9F57 /* RopeTextStorage.swift */ = {isa = PBXFileReference; fileEncoding = 4; lastKnownFileType = sourcecode.swift; path = RopeTextStorage.swift; sourceTree = SOURCE_ROOT; tabWidth = 8; usesTabs = 1; };
		EE66B2E823E90C99004D9F57 /* Node.swift */ = {isa = PBXFileReference; fileEncoding = 4; lastKnownFileType = sourcecode.swift; path = Node.swift; sourceTree = SOURCE_ROOT; tabWidth = 8; usesTabs = 1; };
		EE66B2EB23E90DC5004D9F57 /* RopeIndex.swift */ = {isa = PBXFileReference; fileEncoding = 4; lastKnownFileType = sourcecode.swift; path = RopeIndex.swift; sourceTree = SOURCE_ROOT; };
		EEA72FFB231F4EF600C38F26 /* TimingPlayground.playground */ = {isa = PBXFileReference; lastKnownFileType = file.playground; path = TimingPlayground.playground; sourceTree = "<group>"; xcLanguageSpecificationIdentifier = xcode.lang.swift; };
		EEA72FFC23305D8000C38F26 /* IndexPlayground.playground */ = {isa = PBXFileReference; lastKnownFileType = file.playground; path = IndexPlayground.playground; sourceTree = "<group>"; xcLanguageSpecificationIdentifier = xcode.lang.swift; };
		EEB363032404B737006EA335 /* RopeSample.xcodeproj */ = {isa = PBXFileReference; lastKnownFileType = "wrapper.pb-project"; name = RopeSample.xcodeproj; path = RopeSample/RopeSample.xcodeproj; sourceTree = "<group>"; };
/* End PBXFileReference section */

/* Begin PBXFrameworksBuildPhase section */
		EE4F4BA2230B70FE00F21B13 /* Frameworks */ = {
			isa = PBXFrameworksBuildPhase;
			buildActionMask = 2147483647;
			files = (
			);
			runOnlyForDeploymentPostprocessing = 0;
		};
		EE4F4BAB230B70FE00F21B13 /* Frameworks */ = {
			isa = PBXFrameworksBuildPhase;
			buildActionMask = 2147483647;
			files = (
				EE4F4BAF230B70FE00F21B13 /* Rope.framework in Frameworks */,
			);
			runOnlyForDeploymentPostprocessing = 0;
		};
/* End PBXFrameworksBuildPhase section */

/* Begin PBXGroup section */
		EE4F4B9B230B70FE00F21B13 = {
			isa = PBXGroup;
			children = (
				EEB363032404B737006EA335 /* RopeSample.xcodeproj */,
				EE449D6E23DFC58C00769D36 /* TextView.playground */,
				EEA72FFC23305D8000C38F26 /* IndexPlayground.playground */,
				EEA72FFB231F4EF600C38F26 /* TimingPlayground.playground */,
				EE4F4BA7230B70FE00F21B13 /* Rope */,
				EE4F4BB2230B70FE00F21B13 /* RopeTests */,
				EE4F4BA6230B70FE00F21B13 /* Products */,
			);
			sourceTree = "<group>";
		};
		EE4F4BA6230B70FE00F21B13 /* Products */ = {
			isa = PBXGroup;
			children = (
				EE4F4BA5230B70FE00F21B13 /* Rope.framework */,
				EE4F4BAE230B70FE00F21B13 /* RopeTests.xctest */,
			);
			name = Products;
			sourceTree = "<group>";
		};
		EE4F4BA7230B70FE00F21B13 /* Rope */ = {
			isa = PBXGroup;
			children = (
				EE66B2EB23E90DC5004D9F57 /* RopeIndex.swift */,
				EE66B2E823E90C99004D9F57 /* Node.swift */,
				EE66B2E223E90C13004D9F57 /* RopeString.swift */,
				EE66B2E323E90C13004D9F57 /* RopeTextStorage.swift */,
				EE66B2DF23E90BCC004D9F57 /* NodeIndex.swift */,
				EE66B2D923E90BA0004D9F57 /* Substring+Content.swift */,
				EE66B2DA23E90BA0004D9F57 /* Substring+Initializable.swift */,
				EE66B2D323E90B55004D9F57 /* Content.swift */,
				EE66B2D423E90B55004D9F57 /* Initializable.swift */,
				EE66B2D023E90AA5004D9F57 /* Handle.swift */,
				EE66B2CD23E90A46004D9F57 /* Weak.swift */,
				EE4F4BC0230B721200F21B13 /* Fibonacci.swift */,
				EE4F4BBF230B721200F21B13 /* Rope.swift */,
				EE4F4BA8230B70FE00F21B13 /* Rope.h */,
				EE4F4BA9230B70FE00F21B13 /* Info.plist */,
			);
			path = Rope;
			sourceTree = "<group>";
		};
		EE4F4BB2230B70FE00F21B13 /* RopeTests */ = {
			isa = PBXGroup;
			children = (
				EE4F4BB3230B70FE00F21B13 /* RopeTests.swift */,
				EE4F4BB5230B70FE00F21B13 /* Info.plist */,
			);
			path = RopeTests;
			sourceTree = "<group>";
		};
		EEB363042404B737006EA335 /* Products */ = {
			isa = PBXGroup;
			children = (
				EEB3630A2404B738006EA335 /* RopeSample.app */,
				EEB3630C2404B738006EA335 /* RopeSampleTests.xctest */,
				EEB3630E2404B738006EA335 /* RopeSampleUITests.xctest */,
			);
			name = Products;
			sourceTree = "<group>";
		};
/* End PBXGroup section */

/* Begin PBXHeadersBuildPhase section */
		EE4F4BA0230B70FE00F21B13 /* Headers */ = {
			isa = PBXHeadersBuildPhase;
			buildActionMask = 2147483647;
			files = (
				EE4F4BB6230B70FE00F21B13 /* Rope.h in Headers */,
			);
			runOnlyForDeploymentPostprocessing = 0;
		};
/* End PBXHeadersBuildPhase section */

/* Begin PBXNativeTarget section */
		EE4F4BA4230B70FE00F21B13 /* Rope */ = {
			isa = PBXNativeTarget;
			buildConfigurationList = EE4F4BB9230B70FE00F21B13 /* Build configuration list for PBXNativeTarget "Rope" */;
			buildPhases = (
				EE4F4BA0230B70FE00F21B13 /* Headers */,
				EE4F4BA1230B70FE00F21B13 /* Sources */,
				EE4F4BA2230B70FE00F21B13 /* Frameworks */,
				EE4F4BA3230B70FE00F21B13 /* Resources */,
			);
			buildRules = (
			);
			dependencies = (
			);
			name = Rope;
			productName = Rope;
			productReference = EE4F4BA5230B70FE00F21B13 /* Rope.framework */;
			productType = "com.apple.product-type.framework";
		};
		EE4F4BAD230B70FE00F21B13 /* RopeTests */ = {
			isa = PBXNativeTarget;
			buildConfigurationList = EE4F4BBC230B70FE00F21B13 /* Build configuration list for PBXNativeTarget "RopeTests" */;
			buildPhases = (
				EE4F4BAA230B70FE00F21B13 /* Sources */,
				EE4F4BAB230B70FE00F21B13 /* Frameworks */,
				EE4F4BAC230B70FE00F21B13 /* Resources */,
			);
			buildRules = (
			);
			dependencies = (
				EE4F4BB1230B70FE00F21B13 /* PBXTargetDependency */,
			);
			name = RopeTests;
			productName = RopeTests;
			productReference = EE4F4BAE230B70FE00F21B13 /* RopeTests.xctest */;
			productType = "com.apple.product-type.bundle.unit-test";
		};
/* End PBXNativeTarget section */

/* Begin PBXProject section */
		EE4F4B9C230B70FE00F21B13 /* Project object */ = {
			isa = PBXProject;
			attributes = {
				LastSwiftUpdateCheck = 1010;
				LastUpgradeCheck = 1010;
				ORGANIZATIONNAME = "White Coral Islands";
				TargetAttributes = {
					EE4F4BA4230B70FE00F21B13 = {
						CreatedOnToolsVersion = 10.1;
						LastSwiftMigration = 1030;
					};
					EE4F4BAD230B70FE00F21B13 = {
						CreatedOnToolsVersion = 10.1;
						LastSwiftMigration = 1030;
					};
				};
			};
			buildConfigurationList = EE4F4B9F230B70FE00F21B13 /* Build configuration list for PBXProject "Rope" */;
			compatibilityVersion = "Xcode 9.3";
			developmentRegion = en;
			hasScannedForEncodings = 0;
			knownRegions = (
				en,
				Base,
			);
			mainGroup = EE4F4B9B230B70FE00F21B13;
			productRefGroup = EE4F4BA6230B70FE00F21B13 /* Products */;
			projectDirPath = "";
			projectReferences = (
				{
					ProductGroup = EEB363042404B737006EA335 /* Products */;
					ProjectRef = EEB363032404B737006EA335 /* RopeSample.xcodeproj */;
				},
			);
			projectRoot = "";
			targets = (
				EE4F4BA4230B70FE00F21B13 /* Rope */,
				EE4F4BAD230B70FE00F21B13 /* RopeTests */,
			);
		};
/* End PBXProject section */

/* Begin PBXReferenceProxy section */
		EEB3630A2404B738006EA335 /* RopeSample.app */ = {
			isa = PBXReferenceProxy;
			fileType = wrapper.application;
			path = RopeSample.app;
			remoteRef = EEB363092404B738006EA335 /* PBXContainerItemProxy */;
			sourceTree = BUILT_PRODUCTS_DIR;
		};
		EEB3630C2404B738006EA335 /* RopeSampleTests.xctest */ = {
			isa = PBXReferenceProxy;
			fileType = wrapper.cfbundle;
			path = RopeSampleTests.xctest;
			remoteRef = EEB3630B2404B738006EA335 /* PBXContainerItemProxy */;
			sourceTree = BUILT_PRODUCTS_DIR;
		};
		EEB3630E2404B738006EA335 /* RopeSampleUITests.xctest */ = {
			isa = PBXReferenceProxy;
			fileType = wrapper.cfbundle;
			path = RopeSampleUITests.xctest;
			remoteRef = EEB3630D2404B738006EA335 /* PBXContainerItemProxy */;
			sourceTree = BUILT_PRODUCTS_DIR;
		};
/* End PBXReferenceProxy section */

/* Begin PBXResourcesBuildPhase section */
		EE4F4BA3230B70FE00F21B13 /* Resources */ = {
			isa = PBXResourcesBuildPhase;
			buildActionMask = 2147483647;
			files = (
			);
			runOnlyForDeploymentPostprocessing = 0;
		};
		EE4F4BAC230B70FE00F21B13 /* Resources */ = {
			isa = PBXResourcesBuildPhase;
			buildActionMask = 2147483647;
			files = (
			);
			runOnlyForDeploymentPostprocessing = 0;
		};
/* End PBXResourcesBuildPhase section */

/* Begin PBXSourcesBuildPhase section */
		EE4F4BA1230B70FE00F21B13 /* Sources */ = {
			isa = PBXSourcesBuildPhase;
			buildActionMask = 2147483647;
			files = (
				EE66B2E023E90BCC004D9F57 /* NodeIndex.swift in Sources */,
				EE4F4BC3230B721200F21B13 /* Fibonacci.swift in Sources */,
				EE66B2D723E90B55004D9F57 /* Initializable.swift in Sources */,
				EE66B2E923E90C99004D9F57 /* Node.swift in Sources */,
				EE66B2E623E90C14004D9F57 /* RopeTextStorage.swift in Sources */,
				EE4F4BC1230B721200F21B13 /* Rope.swift in Sources */,
				EE66B2E423E90C14004D9F57 /* RopeString.swift in Sources */,
				EE66B2DB23E90BA0004D9F57 /* Substring+Content.swift in Sources */,
				EE66B2CE23E90A46004D9F57 /* Weak.swift in Sources */,
				EE66B2EC23E90DC5004D9F57 /* RopeIndex.swift in Sources */,
				EE66B2DD23E90BA0004D9F57 /* Substring+Initializable.swift in Sources */,
				EE66B2D523E90B55004D9F57 /* Content.swift in Sources */,
				EE66B2D123E90AA5004D9F57 /* Handle.swift in Sources */,
			);
			runOnlyForDeploymentPostprocessing = 0;
		};
		EE4F4BAA230B70FE00F21B13 /* Sources */ = {
			isa = PBXSourcesBuildPhase;
			buildActionMask = 2147483647;
			files = (
				EE66B2EF23E9106E004D9F57 /* Fibonacci.swift in Sources */,
				EE66B2EE23E9100C004D9F57 /* Rope.swift in Sources */,
				EE66B2E123E90BCC004D9F57 /* NodeIndex.swift in Sources */,
				EE66B2E523E90C14004D9F57 /* RopeString.swift in Sources */,
				EE66B2EA23E90C99004D9F57 /* Node.swift in Sources */,
				EE4F4BB4230B70FE00F21B13 /* RopeTests.swift in Sources */,
				EE66B2DE23E90BA0004D9F57 /* Substring+Initializable.swift in Sources */,
				EE66B2D823E90B55004D9F57 /* Initializable.swift in Sources */,
				EE66B2CF23E90A46004D9F57 /* Weak.swift in Sources */,
				EE66B2ED23E90DC5004D9F57 /* RopeIndex.swift in Sources */,
				EE66B2D223E90AA5004D9F57 /* Handle.swift in Sources */,
				EE66B2D623E90B55004D9F57 /* Content.swift in Sources */,
				EE66B2DC23E90BA0004D9F57 /* Substring+Content.swift in Sources */,
			);
			runOnlyForDeploymentPostprocessing = 0;
		};
/* End PBXSourcesBuildPhase section */

/* Begin PBXTargetDependency section */
		EE4F4BB1230B70FE00F21B13 /* PBXTargetDependency */ = {
			isa = PBXTargetDependency;
			target = EE4F4BA4230B70FE00F21B13 /* Rope */;
			targetProxy = EE4F4BB0230B70FE00F21B13 /* PBXContainerItemProxy */;
		};
/* End PBXTargetDependency section */

/* Begin XCBuildConfiguration section */
		EE4F4BB7230B70FE00F21B13 /* Debug */ = {
			isa = XCBuildConfiguration;
			buildSettings = {
				ALWAYS_SEARCH_USER_PATHS = NO;
				CLANG_ANALYZER_NONNULL = YES;
				CLANG_ANALYZER_NUMBER_OBJECT_CONVERSION = YES_AGGRESSIVE;
				CLANG_CXX_LANGUAGE_STANDARD = "gnu++14";
				CLANG_CXX_LIBRARY = "libc++";
				CLANG_ENABLE_MODULES = YES;
				CLANG_ENABLE_OBJC_ARC = YES;
				CLANG_ENABLE_OBJC_WEAK = YES;
				CLANG_WARN_BLOCK_CAPTURE_AUTORELEASING = YES;
				CLANG_WARN_BOOL_CONVERSION = YES;
				CLANG_WARN_COMMA = YES;
				CLANG_WARN_CONSTANT_CONVERSION = YES;
				CLANG_WARN_DEPRECATED_OBJC_IMPLEMENTATIONS = YES;
				CLANG_WARN_DIRECT_OBJC_ISA_USAGE = YES_ERROR;
				CLANG_WARN_DOCUMENTATION_COMMENTS = YES;
				CLANG_WARN_EMPTY_BODY = YES;
				CLANG_WARN_ENUM_CONVERSION = YES;
				CLANG_WARN_INFINITE_RECURSION = YES;
				CLANG_WARN_INT_CONVERSION = YES;
				CLANG_WARN_NON_LITERAL_NULL_CONVERSION = YES;
				CLANG_WARN_OBJC_IMPLICIT_RETAIN_SELF = YES;
				CLANG_WARN_OBJC_LITERAL_CONVERSION = YES;
				CLANG_WARN_OBJC_ROOT_CLASS = YES_ERROR;
				CLANG_WARN_RANGE_LOOP_ANALYSIS = YES;
				CLANG_WARN_STRICT_PROTOTYPES = YES;
				CLANG_WARN_SUSPICIOUS_MOVE = YES;
				CLANG_WARN_UNGUARDED_AVAILABILITY = YES_AGGRESSIVE;
				CLANG_WARN_UNREACHABLE_CODE = YES;
				CLANG_WARN__DUPLICATE_METHOD_MATCH = YES;
				CODE_SIGN_IDENTITY = "-";
				COPY_PHASE_STRIP = NO;
				CURRENT_PROJECT_VERSION = 1;
				DEBUG_INFORMATION_FORMAT = dwarf;
				ENABLE_STRICT_OBJC_MSGSEND = YES;
				ENABLE_TESTABILITY = YES;
				GCC_C_LANGUAGE_STANDARD = gnu11;
				GCC_DYNAMIC_NO_PIC = NO;
				GCC_NO_COMMON_BLOCKS = YES;
				GCC_OPTIMIZATION_LEVEL = 0;
				GCC_PREPROCESSOR_DEFINITIONS = (
					"DEBUG=1",
					"$(inherited)",
				);
				GCC_WARN_64_TO_32_BIT_CONVERSION = YES;
				GCC_WARN_ABOUT_RETURN_TYPE = YES_ERROR;
				GCC_WARN_UNDECLARED_SELECTOR = YES;
				GCC_WARN_UNINITIALIZED_AUTOS = YES_AGGRESSIVE;
				GCC_WARN_UNUSED_FUNCTION = YES;
				GCC_WARN_UNUSED_VARIABLE = YES;
				MACOSX_DEPLOYMENT_TARGET = 10.13;
				MTL_ENABLE_DEBUG_INFO = INCLUDE_SOURCE;
				MTL_FAST_MATH = YES;
				ONLY_ACTIVE_ARCH = YES;
				SDKROOT = macosx;
				SWIFT_ACTIVE_COMPILATION_CONDITIONS = DEBUG;
				SWIFT_OPTIMIZATION_LEVEL = "-Onone";
				VERSIONING_SYSTEM = "apple-generic";
				VERSION_INFO_PREFIX = "";
			};
			name = Debug;
		};
		EE4F4BB8230B70FE00F21B13 /* Release */ = {
			isa = XCBuildConfiguration;
			buildSettings = {
				ALWAYS_SEARCH_USER_PATHS = NO;
				CLANG_ANALYZER_NONNULL = YES;
				CLANG_ANALYZER_NUMBER_OBJECT_CONVERSION = YES_AGGRESSIVE;
				CLANG_CXX_LANGUAGE_STANDARD = "gnu++14";
				CLANG_CXX_LIBRARY = "libc++";
				CLANG_ENABLE_MODULES = YES;
				CLANG_ENABLE_OBJC_ARC = YES;
				CLANG_ENABLE_OBJC_WEAK = YES;
				CLANG_WARN_BLOCK_CAPTURE_AUTORELEASING = YES;
				CLANG_WARN_BOOL_CONVERSION = YES;
				CLANG_WARN_COMMA = YES;
				CLANG_WARN_CONSTANT_CONVERSION = YES;
				CLANG_WARN_DEPRECATED_OBJC_IMPLEMENTATIONS = YES;
				CLANG_WARN_DIRECT_OBJC_ISA_USAGE = YES_ERROR;
				CLANG_WARN_DOCUMENTATION_COMMENTS = YES;
				CLANG_WARN_EMPTY_BODY = YES;
				CLANG_WARN_ENUM_CONVERSION = YES;
				CLANG_WARN_INFINITE_RECURSION = YES;
				CLANG_WARN_INT_CONVERSION = YES;
				CLANG_WARN_NON_LITERAL_NULL_CONVERSION = YES;
				CLANG_WARN_OBJC_IMPLICIT_RETAIN_SELF = YES;
				CLANG_WARN_OBJC_LITERAL_CONVERSION = YES;
				CLANG_WARN_OBJC_ROOT_CLASS = YES_ERROR;
				CLANG_WARN_RANGE_LOOP_ANALYSIS = YES;
				CLANG_WARN_STRICT_PROTOTYPES = YES;
				CLANG_WARN_SUSPICIOUS_MOVE = YES;
				CLANG_WARN_UNGUARDED_AVAILABILITY = YES_AGGRESSIVE;
				CLANG_WARN_UNREACHABLE_CODE = YES;
				CLANG_WARN__DUPLICATE_METHOD_MATCH = YES;
				CODE_SIGN_IDENTITY = "-";
				COPY_PHASE_STRIP = NO;
				CURRENT_PROJECT_VERSION = 1;
				DEBUG_INFORMATION_FORMAT = "dwarf-with-dsym";
				ENABLE_NS_ASSERTIONS = NO;
				ENABLE_STRICT_OBJC_MSGSEND = YES;
				GCC_C_LANGUAGE_STANDARD = gnu11;
				GCC_NO_COMMON_BLOCKS = YES;
				GCC_WARN_64_TO_32_BIT_CONVERSION = YES;
				GCC_WARN_ABOUT_RETURN_TYPE = YES_ERROR;
				GCC_WARN_UNDECLARED_SELECTOR = YES;
				GCC_WARN_UNINITIALIZED_AUTOS = YES_AGGRESSIVE;
				GCC_WARN_UNUSED_FUNCTION = YES;
				GCC_WARN_UNUSED_VARIABLE = YES;
				MACOSX_DEPLOYMENT_TARGET = 10.13;
				MTL_ENABLE_DEBUG_INFO = NO;
				MTL_FAST_MATH = YES;
				SDKROOT = macosx;
				SWIFT_COMPILATION_MODE = wholemodule;
				SWIFT_OPTIMIZATION_LEVEL = "-O";
				VERSIONING_SYSTEM = "apple-generic";
				VERSION_INFO_PREFIX = "";
			};
			name = Release;
		};
		EE4F4BBA230B70FE00F21B13 /* Debug */ = {
			isa = XCBuildConfiguration;
			buildSettings = {
				CLANG_ENABLE_MODULES = YES;
				CODE_SIGN_IDENTITY = "";
				CODE_SIGN_STYLE = Automatic;
				COMBINE_HIDPI_IMAGES = YES;
				DEFINES_MODULE = YES;
				DYLIB_COMPATIBILITY_VERSION = 1;
				DYLIB_CURRENT_VERSION = 1;
				DYLIB_INSTALL_NAME_BASE = "@rpath";
				FRAMEWORK_VERSION = A;
				INFOPLIST_FILE = Rope/Info.plist;
				INSTALL_PATH = "$(LOCAL_LIBRARY_DIR)/Frameworks";
				LD_RUNPATH_SEARCH_PATHS = (
					"$(inherited)",
					"@executable_path/../Frameworks",
					"@loader_path/Frameworks",
				);
				PRODUCT_BUNDLE_IDENTIFIER = com.whitecoralislands.Rope;
				PRODUCT_NAME = "$(TARGET_NAME:c99extidentifier)";
				SKIP_INSTALL = YES;
				SWIFT_OPTIMIZATION_LEVEL = "-Onone";
				SWIFT_VERSION = 5.0;
			};
			name = Debug;
		};
		EE4F4BBB230B70FE00F21B13 /* Release */ = {
			isa = XCBuildConfiguration;
			buildSettings = {
				CLANG_ENABLE_MODULES = YES;
				CODE_SIGN_IDENTITY = "";
				CODE_SIGN_STYLE = Automatic;
				COMBINE_HIDPI_IMAGES = YES;
				DEFINES_MODULE = YES;
				DYLIB_COMPATIBILITY_VERSION = 1;
				DYLIB_CURRENT_VERSION = 1;
				DYLIB_INSTALL_NAME_BASE = "@rpath";
				FRAMEWORK_VERSION = A;
				INFOPLIST_FILE = Rope/Info.plist;
				INSTALL_PATH = "$(LOCAL_LIBRARY_DIR)/Frameworks";
				LD_RUNPATH_SEARCH_PATHS = (
					"$(inherited)",
					"@executable_path/../Frameworks",
					"@loader_path/Frameworks",
				);
				PRODUCT_BUNDLE_IDENTIFIER = com.whitecoralislands.Rope;
				PRODUCT_NAME = "$(TARGET_NAME:c99extidentifier)";
				SKIP_INSTALL = YES;
				SWIFT_VERSION = 5.0;
			};
			name = Release;
		};
		EE4F4BBD230B70FE00F21B13 /* Debug */ = {
			isa = XCBuildConfiguration;
			buildSettings = {
				ALWAYS_EMBED_SWIFT_STANDARD_LIBRARIES = YES;
				CODE_SIGN_STYLE = Automatic;
				COMBINE_HIDPI_IMAGES = YES;
				INFOPLIST_FILE = RopeTests/Info.plist;
				LD_RUNPATH_SEARCH_PATHS = (
					"$(inherited)",
					"@executable_path/../Frameworks",
					"@loader_path/../Frameworks",
				);
				PRODUCT_BUNDLE_IDENTIFIER = com.whitecoralislands.RopeTests;
				PRODUCT_NAME = "$(TARGET_NAME)";
				SWIFT_VERSION = 5.0;
			};
			name = Debug;
		};
		EE4F4BBE230B70FE00F21B13 /* Release */ = {
			isa = XCBuildConfiguration;
			buildSettings = {
				ALWAYS_EMBED_SWIFT_STANDARD_LIBRARIES = YES;
				CODE_SIGN_STYLE = Automatic;
				COMBINE_HIDPI_IMAGES = YES;
				INFOPLIST_FILE = RopeTests/Info.plist;
				LD_RUNPATH_SEARCH_PATHS = (
					"$(inherited)",
					"@executable_path/../Frameworks",
					"@loader_path/../Frameworks",
				);
				PRODUCT_BUNDLE_IDENTIFIER = com.whitecoralislands.RopeTests;
				PRODUCT_NAME = "$(TARGET_NAME)";
				SWIFT_VERSION = 5.0;
			};
			name = Release;
		};
/* End XCBuildConfiguration section */

/* Begin XCConfigurationList section */
		EE4F4B9F230B70FE00F21B13 /* Build configuration list for PBXProject "Rope" */ = {
			isa = XCConfigurationList;
			buildConfigurations = (
				EE4F4BB7230B70FE00F21B13 /* Debug */,
				EE4F4BB8230B70FE00F21B13 /* Release */,
			);
			defaultConfigurationIsVisible = 0;
			defaultConfigurationName = Release;
		};
		EE4F4BB9230B70FE00F21B13 /* Build configuration list for PBXNativeTarget "Rope" */ = {
			isa = XCConfigurationList;
			buildConfigurations = (
				EE4F4BBA230B70FE00F21B13 /* Debug */,
				EE4F4BBB230B70FE00F21B13 /* Release */,
			);
			defaultConfigurationIsVisible = 0;
			defaultConfigurationName = Release;
		};
		EE4F4BBC230B70FE00F21B13 /* Build configuration list for PBXNativeTarget "RopeTests" */ = {
			isa = XCConfigurationList;
			buildConfigurations = (
				EE4F4BBD230B70FE00F21B13 /* Debug */,
				EE4F4BBE230B70FE00F21B13 /* Release */,
			);
			defaultConfigurationIsVisible = 0;
			defaultConfigurationName = Release;
		};
/* End XCConfigurationList section */
	};
	rootObject = EE4F4B9C230B70FE00F21B13 /* Project object */;
}
